# This file was autogenerated by Stack.
# You should not edit this file by hand.
# For more information, please see the documentation at:
#   https://docs.haskellstack.org/en/stable/lock_files

packages:
- completed:
    hackage: simpleirc-0.3.1@sha256:f2103c759d55013db3a4d1a62de253af909d96ced9dd7eb3db10dc081f8525c4,1344
    pantry-tree:
      size: 403
      sha256: f371a22e37a3f39d7a8d70be9eb51343b57092948cb25155c286085b788cefa0
  original:
    hackage: simpleirc-0.3.1
snapshots:
- completed:
    size: 421719
    url: https://raw.githubusercontent.com/commercialhaskell/stackage-snapshots/master/nightly/2019/11/21.yaml
    sha256: 57f1cd05f75cf10f12aab0459d4357bac8c0720484566d42d95c84cbda39ec8f
  original: nightly-2019-11-21
