# This file was autogenerated by Stack.
# You should not edit this file by hand.
# For more information, please see the documentation at:
#   https://docs.haskellstack.org/en/stable/lock_files

packages: []
snapshots:
- completed:
    size: 421719
    url: https://raw.githubusercontent.com/commercialhaskell/stackage-snapshots/master/nightly/2019/11/21.yaml
    sha256: 57f1cd05f75cf10f12aab0459d4357bac8c0720484566d42d95c84cbda39ec8f
  original: nightly-2019-11-21
