# This file was autogenerated by Stack.
# You should not edit this file by hand.
# For more information, please see the documentation at:
#   https://docs.haskellstack.org/en/stable/lock_files

packages:
- completed:
    hackage: advent-of-code-api-0.2.7.0@sha256:d16c39e5f149bb046b05adf94ba2c3232a24d21587cb75b3c4c4480f1e270564,2351
    pantry-tree:
      size: 1185
      sha256: 1688c03a530c5eaf1581e1d5104e8481d3b2199ce973eb8599eb64168edc3908
  original:
    hackage: advent-of-code-api-0.2.7.0
- completed:
    hackage: simpleirc-0.3.1@sha256:f2103c759d55013db3a4d1a62de253af909d96ced9dd7eb3db10dc081f8525c4,1344
    pantry-tree:
      size: 403
      sha256: f371a22e37a3f39d7a8d70be9eb51343b57092948cb25155c286085b788cefa0
  original:
    hackage: simpleirc-0.3.1
- completed:
    hackage: conduino-0.2.0.0@sha256:eb08155b28b95088615b7ac59aefab20046cf332a30cfddf7957c5b137035714,1579
    pantry-tree:
      size: 459
      sha256: 4db9ef27dc4930fc514b5e7f44ba53effe81efdd1f8fba3e98aa0d099919d887
  original:
    hackage: conduino-0.2.0.0
- completed:
    hackage: list-transformer-1.0.6@sha256:e214728decb4844b1c6ea0e3243324cfc11ad6da5629d16f06b92f00b6a5bed0,1455
    pantry-tree:
      size: 280
      sha256: 7d2a46b5ade8b57a62888af490d6fb20b217e6fa92b5bf40d53c6e9fd7a3809c
  original:
    hackage: list-transformer-1.0.6
- completed:
    hackage: prettyprinter-1.6.2@sha256:d9fa76aebce33c5c179a66128dfb5639e9257325d11c68569c6574dd8e112cde,5459
    pantry-tree:
      size: 2194
      sha256: d84bf9b50055f5fff831f48b447737eb41bfff144352b6a0c6dee08b43d04d96
  original:
    hackage: prettyprinter-1.6.2
- completed:
    hackage: monoidal-containers-0.6.0.1@sha256:ffdfae0fde7a08e9e314667a78d86454d2d23137d85f226ec6e757c190fb28ad,2583
    pantry-tree:
      size: 569
      sha256: 61d5a73cb768aa4d59db7365418a2fc1bb24b8c3e53ca496372656b6ba4d31ab
  original:
    hackage: monoidal-containers-0.6.0.1
snapshots:
- completed:
    size: 532177
    url: https://raw.githubusercontent.com/commercialhaskell/stackage-snapshots/master/lts/16/20.yaml
    sha256: 0e14ba5603f01e8496e8984fd84b545a012ca723f51a098c6c9d3694e404dc6d
  original: lts-16.20
